
Microsoft Visual Studio Solution File, Format Version 12.00
# Visual Studio Version 17
VisualStudioVersion = 17.11.35312.102
MinimumVisualStudioVersion = 10.0.40219.1
Project("{FAE04EC0-301F-11D3-BF4B-00C04F79EFBC}") = "Luhn", "Luhn\Luhn.csproj", "{539E9781-3BEF-4E11-85C1-7BADD4BE7F07}"
EndProject
Global
	GlobalSection(SolutionConfigurationPlatforms) = preSolution
		Debug|Any CPU = Debug|Any CPU
		Release|Any CPU = Release|Any CPU
	EndGlobalSection
	GlobalSection(ProjectConfigurationPlatforms) = postSolution
		{539E9781-3BEF-4E11-85C1-7BADD4BE7F07}.Debug|Any CPU.ActiveCfg = Debug|Any CPU
		{539E9781-3BEF-4E11-85C1-7BADD4BE7F07}.Debug|Any CPU.Build.0 = Debug|Any CPU
		{539E9781-3BEF-4E11-85C1-7BADD4BE7F07}.Release|Any CPU.ActiveCfg = Release|Any CPU
		{539E9781-3BEF-4E11-85C1-7BADD4BE7F07}.Release|Any CPU.Build.0 = Release|Any CPU
	EndGlobalSection
	GlobalSection(SolutionProperties) = preSolution
		HideSolutionNode = FALSE
	EndGlobalSection
	GlobalSection(ExtensibilityGlobals) = postSolution
		SolutionGuid = {78B9A740-BFA1-4A1A-AB76-24646256DE60}
	EndGlobalSection
EndGlobal
