
Microsoft Visual Studio Solution File, Format Version 12.00
# Visual Studio Version 17
VisualStudioVersion = 17.6.33815.320
MinimumVisualStudioVersion = 10.0.40219.1
Project("{FAE04EC0-301F-11D3-BF4B-00C04F79EFBC}") = "StackHeapRefOut", "StackHeapRefOut.csproj", "{BD272D07-339A-4135-9D33-602C7D731785}"
EndProject
Global
	GlobalSection(SolutionConfigurationPlatforms) = preSolution
		Debug|Any CPU = Debug|Any CPU
		Release|Any CPU = Release|Any CPU
	EndGlobalSection
	GlobalSection(ProjectConfigurationPlatforms) = postSolution
		{BD272D07-339A-4135-9D33-602C7D731785}.Debug|Any CPU.ActiveCfg = Debug|Any CPU
		{BD272D07-339A-4135-9D33-602C7D731785}.Debug|Any CPU.Build.0 = Debug|Any CPU
		{BD272D07-339A-4135-9D33-602C7D731785}.Release|Any CPU.ActiveCfg = Release|Any CPU
		{BD272D07-339A-4135-9D33-602C7D731785}.Release|Any CPU.Build.0 = Release|Any CPU
	EndGlobalSection
	GlobalSection(SolutionProperties) = preSolution
		HideSolutionNode = FALSE
	EndGlobalSection
	GlobalSection(ExtensibilityGlobals) = postSolution
		SolutionGuid = {89DE2CD0-0913-4C81-B965-46D5D0C4C483}
	EndGlobalSection
EndGlobal
