
Microsoft Visual Studio Solution File, Format Version 12.00
# Visual Studio Version 17
VisualStudioVersion = 17.6.33815.320
MinimumVisualStudioVersion = 10.0.40219.1
Project("{FAE04EC0-301F-11D3-BF4B-00C04F79EFBC}") = "Bank_Application", "Bank_Application.csproj", "{D30B4D02-25DF-43AC-BB43-44B197C48584}"
EndProject
Global
	GlobalSection(SolutionConfigurationPlatforms) = preSolution
		Debug|Any CPU = Debug|Any CPU
		Release|Any CPU = Release|Any CPU
	EndGlobalSection
	GlobalSection(ProjectConfigurationPlatforms) = postSolution
		{D30B4D02-25DF-43AC-BB43-44B197C48584}.Debug|Any CPU.ActiveCfg = Debug|Any CPU
		{D30B4D02-25DF-43AC-BB43-44B197C48584}.Debug|Any CPU.Build.0 = Debug|Any CPU
		{D30B4D02-25DF-43AC-BB43-44B197C48584}.Release|Any CPU.ActiveCfg = Release|Any CPU
		{D30B4D02-25DF-43AC-BB43-44B197C48584}.Release|Any CPU.Build.0 = Release|Any CPU
	EndGlobalSection
	GlobalSection(SolutionProperties) = preSolution
		HideSolutionNode = FALSE
	EndGlobalSection
	GlobalSection(ExtensibilityGlobals) = postSolution
		SolutionGuid = {9B10604A-98DE-4E84-BCC6-AAB813148446}
	EndGlobalSection
EndGlobal
