
Microsoft Visual Studio Solution File, Format Version 12.00
# Visual Studio Version 17
VisualStudioVersion = 17.11.35312.102
MinimumVisualStudioVersion = 10.0.40219.1
Project("{FAE04EC0-301F-11D3-BF4B-00C04F79EFBC}") = "SerializeDeserialize", "SerializeDeserialize\SerializeDeserialize.csproj", "{84CD943D-7ADF-4918-8730-893704B1295A}"
EndProject
Project("{FAE04EC0-301F-11D3-BF4B-00C04F79EFBC}") = "FileOperation", "FileOperation\FileOperation.csproj", "{FEAC4B75-DC4B-4FD4-A10C-DCEC793D581A}"
EndProject
Global
	GlobalSection(SolutionConfigurationPlatforms) = preSolution
		Debug|Any CPU = Debug|Any CPU
		Release|Any CPU = Release|Any CPU
	EndGlobalSection
	GlobalSection(ProjectConfigurationPlatforms) = postSolution
		{84CD943D-7ADF-4918-8730-893704B1295A}.Debug|Any CPU.ActiveCfg = Debug|Any CPU
		{84CD943D-7ADF-4918-8730-893704B1295A}.Debug|Any CPU.Build.0 = Debug|Any CPU
		{84CD943D-7ADF-4918-8730-893704B1295A}.Release|Any CPU.ActiveCfg = Release|Any CPU
		{84CD943D-7ADF-4918-8730-893704B1295A}.Release|Any CPU.Build.0 = Release|Any CPU
		{FEAC4B75-DC4B-4FD4-A10C-DCEC793D581A}.Debug|Any CPU.ActiveCfg = Debug|Any CPU
		{FEAC4B75-DC4B-4FD4-A10C-DCEC793D581A}.Debug|Any CPU.Build.0 = Debug|Any CPU
		{FEAC4B75-DC4B-4FD4-A10C-DCEC793D581A}.Release|Any CPU.ActiveCfg = Release|Any CPU
		{FEAC4B75-DC4B-4FD4-A10C-DCEC793D581A}.Release|Any CPU.Build.0 = Release|Any CPU
	EndGlobalSection
	GlobalSection(SolutionProperties) = preSolution
		HideSolutionNode = FALSE
	EndGlobalSection
	GlobalSection(ExtensibilityGlobals) = postSolution
		SolutionGuid = {FA5A637F-2F2F-4938-AAF0-FA7CBB2A374E}
	EndGlobalSection
EndGlobal
