
Microsoft Visual Studio Solution File, Format Version 12.00
# Visual Studio Version 17
VisualStudioVersion = 17.11.35312.102
MinimumVisualStudioVersion = 10.0.40219.1
Project("{FAE04EC0-301F-11D3-BF4B-00C04F79EFBC}") = "String&StringBuilder", "String&StringBuilder\String&StringBuilder.csproj", "{F992607C-A3B1-41AC-AE01-AA545E908082}"
EndProject
Global
	GlobalSection(SolutionConfigurationPlatforms) = preSolution
		Debug|Any CPU = Debug|Any CPU
		Release|Any CPU = Release|Any CPU
	EndGlobalSection
	GlobalSection(ProjectConfigurationPlatforms) = postSolution
		{F992607C-A3B1-41AC-AE01-AA545E908082}.Debug|Any CPU.ActiveCfg = Debug|Any CPU
		{F992607C-A3B1-41AC-AE01-AA545E908082}.Debug|Any CPU.Build.0 = Debug|Any CPU
		{F992607C-A3B1-41AC-AE01-AA545E908082}.Release|Any CPU.ActiveCfg = Release|Any CPU
		{F992607C-A3B1-41AC-AE01-AA545E908082}.Release|Any CPU.Build.0 = Release|Any CPU
	EndGlobalSection
	GlobalSection(SolutionProperties) = preSolution
		HideSolutionNode = FALSE
	EndGlobalSection
	GlobalSection(ExtensibilityGlobals) = postSolution
		SolutionGuid = {B740009C-7F4F-4B83-A358-7F9C0F55D2AA}
	EndGlobalSection
EndGlobal
