
Microsoft Visual Studio Solution File, Format Version 12.00
# Visual Studio Version 17
VisualStudioVersion = 17.11.35312.102
MinimumVisualStudioVersion = 10.0.40219.1
Project("{FAE04EC0-301F-11D3-BF4B-00C04F79EFBC}") = "Encapsulation & Record", "Encapsulation & Record\Encapsulation & Record.csproj", "{C671F6EC-2C35-4AF8-839C-E0373678C925}"
EndProject
Global
	GlobalSection(SolutionConfigurationPlatforms) = preSolution
		Debug|Any CPU = Debug|Any CPU
		Release|Any CPU = Release|Any CPU
	EndGlobalSection
	GlobalSection(ProjectConfigurationPlatforms) = postSolution
		{C671F6EC-2C35-4AF8-839C-E0373678C925}.Debug|Any CPU.ActiveCfg = Debug|Any CPU
		{C671F6EC-2C35-4AF8-839C-E0373678C925}.Debug|Any CPU.Build.0 = Debug|Any CPU
		{C671F6EC-2C35-4AF8-839C-E0373678C925}.Release|Any CPU.ActiveCfg = Release|Any CPU
		{C671F6EC-2C35-4AF8-839C-E0373678C925}.Release|Any CPU.Build.0 = Release|Any CPU
	EndGlobalSection
	GlobalSection(SolutionProperties) = preSolution
		HideSolutionNode = FALSE
	EndGlobalSection
	GlobalSection(ExtensibilityGlobals) = postSolution
		SolutionGuid = {9AFF74B0-32A2-4883-98FC-9350990F8527}
	EndGlobalSection
EndGlobal
