
Microsoft Visual Studio Solution File, Format Version 12.00
# Visual Studio Version 17
VisualStudioVersion = 17.11.35312.102
MinimumVisualStudioVersion = 10.0.40219.1
Project("{FAE04EC0-301F-11D3-BF4B-00C04F79EFBC}") = "AbstractClass", "AbstractClass\AbstractClass.csproj", "{23057DEF-02E7-45F7-A5EA-B02A1922A643}"
EndProject
Global
	GlobalSection(SolutionConfigurationPlatforms) = preSolution
		Debug|Any CPU = Debug|Any CPU
		Release|Any CPU = Release|Any CPU
	EndGlobalSection
	GlobalSection(ProjectConfigurationPlatforms) = postSolution
		{23057DEF-02E7-45F7-A5EA-B02A1922A643}.Debug|Any CPU.ActiveCfg = Debug|Any CPU
		{23057DEF-02E7-45F7-A5EA-B02A1922A643}.Debug|Any CPU.Build.0 = Debug|Any CPU
		{23057DEF-02E7-45F7-A5EA-B02A1922A643}.Release|Any CPU.ActiveCfg = Release|Any CPU
		{23057DEF-02E7-45F7-A5EA-B02A1922A643}.Release|Any CPU.Build.0 = Release|Any CPU
	EndGlobalSection
	GlobalSection(SolutionProperties) = preSolution
		HideSolutionNode = FALSE
	EndGlobalSection
	GlobalSection(ExtensibilityGlobals) = postSolution
		SolutionGuid = {508ED014-513D-40A8-8834-6E3D60EBAC87}
	EndGlobalSection
EndGlobal
